<?xml version="1.0" encoding="utf-8"?>
<Project ToolsVersion="4.0" xmlns="http://schemas.microsoft.com/developer/msbuild/2003">
  <ItemGroup>
    <Filter Include="default">
      <UniqueIdentifier>{6fd2b156-9719-4314-9084-d02d78643eaa}</UniqueIdentifier>
    </Filter>
    <Filter Include="Helpers">
      <UniqueIdentifier>{97573e01-9f0c-4750-8c7d-3863ef3242eb}</UniqueIdentifier>
    </Filter>
    <Filter Include="Helpers\External">
      <UniqueIdentifier>{5e37479c-8113-4967-8d46-c52bc7666aa8}</UniqueIdentifier>
    </Filter>
    <Filter Include="Helpers\Internal">
      <UniqueIdentifier>{254145d7-4f1a-4b4e-8d3d-bd2624a01a06}</UniqueIdentifier>
    </Filter>
    <Filter Include="Helpers\Internal\Memory">
      <UniqueIdentifier>{e5e02906-ab45-4d60-922a-06f0c95cec7f}</UniqueIdentifier>
    </Filter>
    <Filter Include="Helpers\Internal\D3D9">
      <UniqueIdentifier>{f1d42127-df4e-4eb6-af76-e537e8f2b148}</UniqueIdentifier>
    </Filter>
    <Filter Include="Helpers\Internal\DI8">
      <UniqueIdentifier>{7daa729a-b91e-4569-8e37-0bab807e0052}</UniqueIdentifier>
    </Filter>
    <Filter Include="Helpers\Internal\D3D11">
      <UniqueIdentifier>{846ccc64-a688-4ee4-8251-ddf4967f80be}</UniqueIdentifier>
    </Filter>
    <Filter Include="Helpers\External\imgui">
      <UniqueIdentifier>{3006344a-9ea2-4d5e-90c9-6a4781c4ff16}</UniqueIdentifier>
    </Filter>
    <Filter Include="Helpers\External\imgui\dx9">
      <UniqueIdentifier>{1c3ffe32-59e5-4ab6-968a-23309d8ca716}</UniqueIdentifier>
    </Filter>
    <Filter Include="Helpers\External\imgui\dx11">
      <UniqueIdentifier>{f7835192-3569-47e1-89b1-0e34a54cd37c}</UniqueIdentifier>
    </Filter>
    <Filter Include="Helpers\External\imgui\win32">
      <UniqueIdentifier>{20bf0232-3868-4500-a91e-9afe9d74cbb2}</UniqueIdentifier>
    </Filter>
  </ItemGroup>
  <ItemGroup>
    <ClInclude Include="stdafx.h">
      <Filter>default</Filter>
    </ClInclude>
    <ClInclude Include="inc\Definitions.hpp">
      <Filter>Helpers\External</Filter>
    </ClInclude>
    <ClInclude Include="resource.h">
      <Filter>default</Filter>
    </ClInclude>
    <ClInclude Include="Helpers\Memory\VTableHook.hpp">
      <Filter>Helpers\Internal\Memory</Filter>
    </ClInclude>
    <ClInclude Include="Helpers\Memory\Memory.h">
      <Filter>Helpers\Internal\Memory</Filter>
    </ClInclude>
    <ClInclude Include="Helpers\Internal\D3D9\D3D9Types.h">
      <Filter>Helpers\Internal\D3D9</Filter>
    </ClInclude>
    <ClInclude Include="Helpers\Internal\DI8\DI8Types.h">
      <Filter>Helpers\Internal\DI8</Filter>
    </ClInclude>
    <ClInclude Include="Helpers\Internal\D3D11\D3D11Types.h">
      <Filter>Helpers\Internal\D3D11</Filter>
    </ClInclude>
    <ClInclude Include="inc\imgui\imgui.h">
      <Filter>Helpers\External\imgui</Filter>
    </ClInclude>
    <ClInclude Include="inc\imgui\imgui_internal.h">
      <Filter>Helpers\External\imgui</Filter>
    </ClInclude>
    <ClInclude Include="inc\imgui\imstb_rectpack.h">
      <Filter>Helpers\External\imgui</Filter>
    </ClInclude>
    <ClInclude Include="inc\imgui\imstb_textedit.h">
      <Filter>Helpers\External\imgui</Filter>
    </ClInclude>
    <ClInclude Include="inc\imgui\imstb_truetype.h">
      <Filter>Helpers\External\imgui</Filter>
    </ClInclude>
    <ClInclude Include="inc\imgui\imconfig.h">
      <Filter>Helpers\External\imgui</Filter>
    </ClInclude>
    <ClInclude Include="inc\imgui\dx11\imgui_impl_dx11.h">
      <Filter>Helpers\External\imgui\dx11</Filter>
    </ClInclude>
    <ClInclude Include="Helpers\Memory\VTableHook64.hpp">
      <Filter>Helpers\Internal\Memory</Filter>
    </ClInclude>
    <ClInclude Include="Helpers\Memory\Memory64.hpp">
      <Filter>Helpers\Internal\Memory</Filter>
    </ClInclude>
    <ClInclude Include="inc\imgui\win32\imgui_impl_win32.h">
      <Filter>Helpers\External\imgui\win32</Filter>
    </ClInclude>
  </ItemGroup>
  <ItemGroup>
    <ClCompile Include="stdafx.cpp">
      <Filter>default</Filter>
    </ClCompile>
    <ClCompile Include="Helpers\Memory\Memory.cpp">
      <Filter>Helpers\Internal\Memory</Filter>
    </ClCompile>
    <ClCompile Include="inc\imgui\imgui_demo.cpp">
      <Filter>Helpers\External\imgui</Filter>
    </ClCompile>
    <ClCompile Include="inc\imgui\imgui_draw.cpp">
      <Filter>Helpers\External\imgui</Filter>
    </ClCompile>
    <ClCompile Include="inc\imgui\imgui_widgets.cpp">
      <Filter>Helpers\External\imgui</Filter>
    </ClCompile>
    <ClCompile Include="inc\imgui\imgui.cpp">
      <Filter>Helpers\External\imgui</Filter>
    </ClCompile>
    <ClCompile Include="inc\imgui\dx11\imgui_impl_dx11.cpp">
      <Filter>Helpers\External\imgui\dx11</Filter>
    </ClCompile>
    <ClCompile Include="dllmain.cpp" />
    <ClCompile Include="inc\imgui\win32\imgui_impl_win32.cpp">
      <Filter>Helpers\External\imgui\win32</Filter>
    </ClCompile>
  </ItemGroup>
  <ItemGroup>
    <None Include="MirrorHook.licenseheader" />
  </ItemGroup>
  <ItemGroup>
    <ResourceCompile Include="version.rc">
      <Filter>default</Filter>
    </ResourceCompile>
  </ItemGroup>
</Project>