<?xml version="1.0" encoding="utf-8"?>
<Project ToolsVersion="4.0" xmlns="http://schemas.microsoft.com/developer/msbuild/2003">
  <ItemGroup>
    <Filter Include="default">
      <UniqueIdentifier>{6fd2b156-9719-4314-9084-d02d78643eaa}</UniqueIdentifier>
    </Filter>
    <Filter Include="Helpers">
      <UniqueIdentifier>{97573e01-9f0c-4750-8c7d-3863ef3242eb}</UniqueIdentifier>
    </Filter>
    <Filter Include="Helpers">
      <UniqueIdentifier>{254145d7-4f1a-4b4e-8d3d-bd2624a01a06}</UniqueIdentifier>
    </Filter>
    <Filter Include="Helpers\Memory">
      <UniqueIdentifier>{e5e02906-ab45-4d60-922a-06f0c95cec7f}</UniqueIdentifier>
    </Filter>
    <Filter Include="Helpers\D3D9">
      <UniqueIdentifier>{f1d42127-df4e-4eb6-af76-e537e8f2b148}</UniqueIdentifier>
    </Filter>
    <Filter Include="Helpers\D3D11">
      <UniqueIdentifier>{846ccc64-a688-4ee4-8251-ddf4967f80be}</UniqueIdentifier>
    </Filter>
    <Filter Include="Helpers\WndProc">
      <UniqueIdentifier>{3b5d6179-56a6-413c-8254-95e09c34ff89}</UniqueIdentifier>
    </Filter>
    <Filter Include="Helpers\Dear ImGui">
      <UniqueIdentifier>{3006344a-9ea2-4d5e-90c9-6a4781c4ff16}</UniqueIdentifier>
    </Filter>
    <Filter Include="Helpers\Dear ImGui\Implementations">
      <UniqueIdentifier>{01efe6ba-9a6a-4094-aa8b-3eca712fc04d}</UniqueIdentifier>
    </Filter>
  </ItemGroup>
  <ItemGroup>
    <ClInclude Include="stdafx.h">
      <Filter>default</Filter>
    </ClInclude>
    <ClInclude Include="resource.h">
      <Filter>default</Filter>
    </ClInclude>
    <ClInclude Include="Helpers\D3D9\D3D9Types.h">
      <Filter>Helpers\D3D9</Filter>
    </ClInclude>
    <ClInclude Include="Helpers\D3D11\D3D11Types.h">
      <Filter>Helpers\D3D11</Filter>
    </ClInclude>
    <ClInclude Include="Helpers\D3D11\D3D11Extender.hpp">
      <Filter>Helpers\D3D11</Filter>
    </ClInclude>
    <ClInclude Include="Helpers\D3D9\D3D9Extender.hpp">
      <Filter>Helpers\D3D9</Filter>
    </ClInclude>
    <ClInclude Include="Helpers\Memory\Memory.hpp">
      <Filter>Helpers\Memory</Filter>
    </ClInclude>
    <ClInclude Include="Helpers\Memory\VTableHook.hpp">
      <Filter>Helpers\Memory</Filter>
    </ClInclude>
    <ClInclude Include="Helpers\WndProc\WndProcExtender.hpp">
      <Filter>Helpers\WndProc</Filter>
    </ClInclude>
    <ClInclude Include="Helpers\Dear ImGui\imstb_truetype.h">
      <Filter>Helpers\Dear ImGui</Filter>
    </ClInclude>
    <ClInclude Include="Helpers\Dear ImGui\imconfig.h">
      <Filter>Helpers\Dear ImGui</Filter>
    </ClInclude>
    <ClInclude Include="Helpers\Dear ImGui\imgui.h">
      <Filter>Helpers\Dear ImGui</Filter>
    </ClInclude>
    <ClInclude Include="Helpers\Dear ImGui\imgui_internal.h">
      <Filter>Helpers\Dear ImGui</Filter>
    </ClInclude>
    <ClInclude Include="Helpers\Dear ImGui\imstb_rectpack.h">
      <Filter>Helpers\Dear ImGui</Filter>
    </ClInclude>
    <ClInclude Include="Helpers\Dear ImGui\imstb_textedit.h">
      <Filter>Helpers\Dear ImGui</Filter>
    </ClInclude>
    <ClInclude Include="Helpers\Dear ImGui\Implementations\imgui_impl_win32.h">
      <Filter>Helpers\Dear ImGui\Implementations</Filter>
    </ClInclude>
    <ClInclude Include="Helpers\Dear ImGui\Implementations\imgui_impl_dx9.h">
      <Filter>Helpers\Dear ImGui\Implementations</Filter>
    </ClInclude>
    <ClInclude Include="Helpers\Dear ImGui\Implementations\imgui_impl_dx11.h">
      <Filter>Helpers\Dear ImGui\Implementations</Filter>
    </ClInclude>
    <ClInclude Include="Helpers\Memory\DetourHook.hpp">
      <Filter>Helpers\Memory</Filter>
    </ClInclude>
  </ItemGroup>
  <ItemGroup>
    <ClCompile Include="stdafx.cpp">
      <Filter>default</Filter>
    </ClCompile>
    <ClCompile Include="dllmain.cpp" />
    <ClCompile Include="Helpers\Dear ImGui\imgui.cpp">
      <Filter>Helpers\Dear ImGui</Filter>
    </ClCompile>
    <ClCompile Include="Helpers\Dear ImGui\imgui_draw.cpp">
      <Filter>Helpers\Dear ImGui</Filter>
    </ClCompile>
    <ClCompile Include="Helpers\Dear ImGui\imgui_widgets.cpp">
      <Filter>Helpers\Dear ImGui</Filter>
    </ClCompile>
    <ClCompile Include="Helpers\Dear ImGui\Implementations\imgui_impl_dx9.cpp">
      <Filter>Helpers\Dear ImGui\Implementations</Filter>
    </ClCompile>
    <ClCompile Include="Helpers\Dear ImGui\Implementations\imgui_impl_dx11.cpp">
      <Filter>Helpers\Dear ImGui\Implementations</Filter>
    </ClCompile>
    <ClCompile Include="Helpers\Dear ImGui\Implementations\imgui_impl_win32.cpp">
      <Filter>Helpers\Dear ImGui\Implementations</Filter>
    </ClCompile>
  </ItemGroup>
  <ItemGroup>
    <ResourceCompile Include="version.rc">
      <Filter>default</Filter>
    </ResourceCompile>
  </ItemGroup>
  <ItemGroup>
    <None Include="Helpers\Dear ImGui\imgui.licenseheader">
      <Filter>Helpers\Dear ImGui</Filter>
    </None>
    <None Include="MirrorHook.licenseheader" />
  </ItemGroup>
</Project>