<?xml version="1.0" encoding="utf-8"?>
<Project ToolsVersion="4.0" xmlns="http://schemas.microsoft.com/developer/msbuild/2003">
  <ItemGroup>
    <Filter Include="Helpers\D3D9">
      <UniqueIdentifier>{4ef00b36-fff5-4d3c-b1ff-75ec733e7481}</UniqueIdentifier>
    </Filter>
    <Filter Include="Helpers">
      <UniqueIdentifier>{a3e9d806-d660-4733-b7e1-ef2d2d876912}</UniqueIdentifier>
    </Filter>
    <Filter Include="Helpers\D3D11">
      <UniqueIdentifier>{9cd07da8-b269-4b92-9e9b-c661ce1eb251}</UniqueIdentifier>
    </Filter>
    <Filter Include="Helpers\WndProc">
      <UniqueIdentifier>{5654f214-04e1-486c-bcab-0712416ad610}</UniqueIdentifier>
    </Filter>
    <Filter Include="Helpers\MemoryEditor">
      <UniqueIdentifier>{eb941bf0-de38-4c42-87eb-cf70c7c42ad1}</UniqueIdentifier>
    </Filter>
    <Filter Include="_vs">
      <UniqueIdentifier>{6288f35b-38bb-42d1-a9eb-bb9d4187d946}</UniqueIdentifier>
    </Filter>
    <Filter Include="_win32entry">
      <UniqueIdentifier>{6d12ff1a-a527-464b-998b-b2cc5176e33f}</UniqueIdentifier>
    </Filter>
  </ItemGroup>
  <ItemGroup>
    <ClInclude Include="Helpers\D3D9\D3D9Extender.hpp">
      <Filter>Helpers\D3D9</Filter>
    </ClInclude>
    <ClInclude Include="Helpers\D3D11\D3D11Extender.hpp">
      <Filter>Helpers\D3D11</Filter>
    </ClInclude>
    <ClInclude Include="Helpers\WndProc\WndProcExtender.hpp">
      <Filter>Helpers\WndProc</Filter>
    </ClInclude>
    <ClInclude Include="Helpers\MemoryEditor\MemoryEditor.hpp">
      <Filter>Helpers\MemoryEditor</Filter>
    </ClInclude>
    <ClInclude Include="_vs\resource.h">
      <Filter>_vs</Filter>
    </ClInclude>
    <ClInclude Include="_vs\pch.h">
      <Filter>_vs</Filter>
    </ClInclude>
  </ItemGroup>
  <ItemGroup>
    <ClCompile Include="_win32entry\dllmain.cpp">
      <Filter>_win32entry</Filter>
    </ClCompile>
    <ClCompile Include="_vs\pch.cpp">
      <Filter>_vs</Filter>
    </ClCompile>
  </ItemGroup>
  <ItemGroup>
    <ResourceCompile Include="_vs\version.rc">
      <Filter>_vs</Filter>
    </ResourceCompile>
  </ItemGroup>
</Project>